
Microsoft Visual Studio Solution File, Format Version 12.00
# Visual Studio 15
Project("{FAE04EC0-301F-11D3-BF4B-00C04F79EFBC}") = "Rider Replica", "Rider Replica.csproj", "{886B5334-6B26-A052-DAE3-11ED0B8B6870}"
EndProject
Project("{FAE04EC0-301F-11D3-BF4B-00C04F79EFBC}") = "Rider Replica.Editor", "Rider Replica.Editor.csproj", "{60364D90-1730-6086-AED4-92F97736D062}"
EndProject
Global
	GlobalSection(SolutionConfigurationPlatforms) = preSolution
		Debug|Any CPU = Debug|Any CPU
		Release|Any CPU = Release|Any CPU
	EndGlobalSection
	GlobalSection(ProjectConfigurationPlatforms) = postSolution
		{886B5334-6B26-A052-DAE3-11ED0B8B6870}.Debug|Any CPU.ActiveCfg = Debug|Any CPU
		{886B5334-6B26-A052-DAE3-11ED0B8B6870}.Debug|Any CPU.Build.0 = Debug|Any CPU
		{886B5334-6B26-A052-DAE3-11ED0B8B6870}.Release|Any CPU.ActiveCfg = Release|Any CPU
		{886B5334-6B26-A052-DAE3-11ED0B8B6870}.Release|Any CPU.Build.0 = Release|Any CPU
		{60364D90-1730-6086-AED4-92F97736D062}.Debug|Any CPU.ActiveCfg = Debug|Any CPU
		{60364D90-1730-6086-AED4-92F97736D062}.Debug|Any CPU.Build.0 = Debug|Any CPU
		{60364D90-1730-6086-AED4-92F97736D062}.Release|Any CPU.ActiveCfg = Release|Any CPU
		{60364D90-1730-6086-AED4-92F97736D062}.Release|Any CPU.Build.0 = Release|Any CPU
	EndGlobalSection
	GlobalSection(SolutionProperties) = preSolution
		HideSolutionNode = FALSE
	EndGlobalSection
EndGlobal
